
Microsoft Visual Studio Solution File, Format Version 12.00
# Visual Studio Version 17
VisualStudioVersion = 17.14.36414.22 d17.14
MinimumVisualStudioVersion = 10.0.40219.1
Project("{FAE04EC0-301F-11D3-BF4B-00C04F79EFBC}") = "group#12(ahmed&yu)_GroupProject", "group#12(ahmed&yu)_GroupProject.csproj", "{9DD1F185-E5B9-4967-84B2-BCCBB5ECCEDE}"
EndProject
Global
	GlobalSection(SolutionConfigurationPlatforms) = preSolution
		Debug|Any CPU = Debug|Any CPU
		Release|Any CPU = Release|Any CPU
	EndGlobalSection
	GlobalSection(ProjectConfigurationPlatforms) = postSolution
		{9DD1F185-E5B9-4967-84B2-BCCBB5ECCEDE}.Debug|Any CPU.ActiveCfg = Debug|Any CPU
		{9DD1F185-E5B9-4967-84B2-BCCBB5ECCEDE}.Debug|Any CPU.Build.0 = Debug|Any CPU
		{9DD1F185-E5B9-4967-84B2-BCCBB5ECCEDE}.Release|Any CPU.ActiveCfg = Release|Any CPU
		{9DD1F185-E5B9-4967-84B2-BCCBB5ECCEDE}.Release|Any CPU.Build.0 = Release|Any CPU
	EndGlobalSection
	GlobalSection(SolutionProperties) = preSolution
		HideSolutionNode = FALSE
	EndGlobalSection
	GlobalSection(ExtensibilityGlobals) = postSolution
		SolutionGuid = {37FC3A95-2860-4AA4-85B0-768BE1A59371}
	EndGlobalSection
EndGlobal
